// !$*UTF8*$!
{
	archiveVersion = 1;
	classes = {
	};
	objectVersion = 52;
	objects = {

/* Begin PBXBuildFile section */
		C72DB63525E0845F0053E5DB /* Picky_EatsApp.swift in Sources */ = {isa = PBXBuildFile; fileRef = C72DB63425E0845F0053E5DB /* Picky_EatsApp.swift */; };
		C72DB63725E0845F0053E5DB /* LogIn.swift in Sources */ = {isa = PBXBuildFile; fileRef = C72DB63625E0845F0053E5DB /* LogIn.swift */; };
		C72DB63925E084610053E5DB /* Assets.xcassets in Resources */ = {isa = PBXBuildFile; fileRef = C72DB63825E084610053E5DB /* Assets.xcassets */; };
		C72DB63C25E084610053E5DB /* Preview Assets.xcassets in Resources */ = {isa = PBXBuildFile; fileRef = C72DB63B25E084610053E5DB /* Preview Assets.xcassets */; };
		C77D492425E09F64005D16B8 /* Prefrence.swift in Sources */ = {isa = PBXBuildFile; fileRef = C77D492325E09F64005D16B8 /* Prefrence.swift */; };
		C77D492725E09F79005D16B8 /* RecipePicker.swift in Sources */ = {isa = PBXBuildFile; fileRef = C77D492625E09F79005D16B8 /* RecipePicker.swift */; };
		C77D492A25E09F90005D16B8 /* UserHistory.swift in Sources */ = {isa = PBXBuildFile; fileRef = C77D492925E09F90005D16B8 /* UserHistory.swift */; };
		C7B8F44325E15B5A00AA31E4 /* Recipe.swift in Sources */ = {isa = PBXBuildFile; fileRef = C7B8F44225E15B5A00AA31E4 /* Recipe.swift */; };
		C7B8F44625E15BC900AA31E4 /* Ingredient.swift in Sources */ = {isa = PBXBuildFile; fileRef = C7B8F44525E15BC900AA31E4 /* Ingredient.swift */; };
		C7B8F44925E15BE800AA31E4 /* UserInfo.swift in Sources */ = {isa = PBXBuildFile; fileRef = C7B8F44825E15BE800AA31E4 /* UserInfo.swift */; };
		C7B8F44C25E160FB00AA31E4 /* Test.json in Resources */ = {isa = PBXBuildFile; fileRef = C7B8F44B25E160FB00AA31E4 /* Test.json */; };
/* End PBXBuildFile section */

/* Begin PBXFileReference section */
		C72DB63125E0845F0053E5DB /* Picky Eats.app */ = {isa = PBXFileReference; explicitFileType = wrapper.application; includeInIndex = 0; path = "Picky Eats.app"; sourceTree = BUILT_PRODUCTS_DIR; };
		C72DB63425E0845F0053E5DB /* Picky_EatsApp.swift */ = {isa = PBXFileReference; lastKnownFileType = sourcecode.swift; path = Picky_EatsApp.swift; sourceTree = "<group>"; };
		C72DB63625E0845F0053E5DB /* LogIn.swift */ = {isa = PBXFileReference; lastKnownFileType = sourcecode.swift; path = LogIn.swift; sourceTree = "<group>"; };
		C72DB63825E084610053E5DB /* Assets.xcassets */ = {isa = PBXFileReference; lastKnownFileType = folder.assetcatalog; path = Assets.xcassets; sourceTree = "<group>"; };
		C72DB63B25E084610053E5DB /* Preview Assets.xcassets */ = {isa = PBXFileReference; lastKnownFileType = folder.assetcatalog; path = "Preview Assets.xcassets"; sourceTree = "<group>"; };
		C72DB63D25E084610053E5DB /* Info.plist */ = {isa = PBXFileReference; lastKnownFileType = text.plist.xml; path = Info.plist; sourceTree = "<group>"; };
		C77D492325E09F64005D16B8 /* Prefrence.swift */ = {isa = PBXFileReference; lastKnownFileType = sourcecode.swift; path = Prefrence.swift; sourceTree = "<group>"; };
		C77D492625E09F79005D16B8 /* RecipePicker.swift */ = {isa = PBXFileReference; lastKnownFileType = sourcecode.swift; path = RecipePicker.swift; sourceTree = "<group>"; };
		C77D492925E09F90005D16B8 /* UserHistory.swift */ = {isa = PBXFileReference; lastKnownFileType = sourcecode.swift; path = UserHistory.swift; sourceTree = "<group>"; };
		C7B8F44225E15B5A00AA31E4 /* Recipe.swift */ = {isa = PBXFileReference; lastKnownFileType = sourcecode.swift; path = Recipe.swift; sourceTree = "<group>"; };
		C7B8F44525E15BC900AA31E4 /* Ingredient.swift */ = {isa = PBXFileReference; lastKnownFileType = sourcecode.swift; path = Ingredient.swift; sourceTree = "<group>"; };
		C7B8F44825E15BE800AA31E4 /* UserInfo.swift */ = {isa = PBXFileReference; lastKnownFileType = sourcecode.swift; path = UserInfo.swift; sourceTree = "<group>"; };
		C7B8F44B25E160FB00AA31E4 /* Test.json */ = {isa = PBXFileReference; lastKnownFileType = text.json; path = Test.json; sourceTree = "<group>"; };
/* End PBXFileReference section */

/* Begin PBXFrameworksBuildPhase section */
		C72DB62E25E0845F0053E5DB /* Frameworks */ = {
			isa = PBXFrameworksBuildPhase;
			buildActionMask = 2147483647;
			files = (
			);
			runOnlyForDeploymentPostprocessing = 0;
		};
/* End PBXFrameworksBuildPhase section */

/* Begin PBXGroup section */
		C72DB62825E0845F0053E5DB = {
			isa = PBXGroup;
			children = (
				C72DB63325E0845F0053E5DB /* Picky Eats */,
				C72DB63225E0845F0053E5DB /* Products */,
			);
			sourceTree = "<group>";
		};
		C72DB63225E0845F0053E5DB /* Products */ = {
			isa = PBXGroup;
			children = (
				C72DB63125E0845F0053E5DB /* Picky Eats.app */,
			);
			name = Products;
			sourceTree = "<group>";
		};
		C72DB63325E0845F0053E5DB /* Picky Eats */ = {
			isa = PBXGroup;
			children = (
				C72DB63425E0845F0053E5DB /* Picky_EatsApp.swift */,
				C72DB63625E0845F0053E5DB /* LogIn.swift */,
				C77D492325E09F64005D16B8 /* Prefrence.swift */,
				C77D492625E09F79005D16B8 /* RecipePicker.swift */,
				C77D492925E09F90005D16B8 /* UserHistory.swift */,
				C72DB63825E084610053E5DB /* Assets.xcassets */,
				C72DB63D25E084610053E5DB /* Info.plist */,
				C72DB63A25E084610053E5DB /* Preview Content */,
				C7B8F44225E15B5A00AA31E4 /* Recipe.swift */,
				C7B8F44525E15BC900AA31E4 /* Ingredient.swift */,
				C7B8F44825E15BE800AA31E4 /* UserInfo.swift */,
				C7B8F44B25E160FB00AA31E4 /* Test.json */,
			);
			path = "Picky Eats";
			sourceTree = "<group>";
		};
		C72DB63A25E084610053E5DB /* Preview Content */ = {
			isa = PBXGroup;
			children = (
				C72DB63B25E084610053E5DB /* Preview Assets.xcassets */,
			);
			path = "Preview Content";
			sourceTree = "<group>";
		};
/* End PBXGroup section */

/* Begin PBXNativeTarget section */
		C72DB63025E0845F0053E5DB /* Picky Eats */ = {
			isa = PBXNativeTarget;
			buildConfigurationList = C72DB64025E084610053E5DB /* Build configuration list for PBXNativeTarget "Picky Eats" */;
			buildPhases = (
				C72DB62D25E0845F0053E5DB /* Sources */,
				C72DB62E25E0845F0053E5DB /* Frameworks */,
				C72DB62F25E0845F0053E5DB /* Resources */,
			);
			buildRules = (
			);
			dependencies = (
			);
			name = "Picky Eats";
			productName = "Picky Eats";
			productReference = C72DB63125E0845F0053E5DB /* Picky Eats.app */;
			productType = "com.apple.product-type.application";
		};
/* End PBXNativeTarget section */

/* Begin PBXProject section */
		C72DB62925E0845F0053E5DB /* Project object */ = {
			isa = PBXProject;
			attributes = {
				LastSwiftUpdateCheck = 1240;
				LastUpgradeCheck = 1240;
				TargetAttributes = {
					C72DB63025E0845F0053E5DB = {
						CreatedOnToolsVersion = 12.4;
					};
				};
			};
			buildConfigurationList = C72DB62C25E0845F0053E5DB /* Build configuration list for PBXProject "Picky Eats" */;
			compatibilityVersion = "Xcode 11.0";
			developmentRegion = en;
			hasScannedForEncodings = 0;
			knownRegions = (
				en,
				Base,
			);
			mainGroup = C72DB62825E0845F0053E5DB;
			productRefGroup = C72DB63225E0845F0053E5DB /* Products */;
			projectDirPath = "";
			projectRoot = "";
			targets = (
				C72DB63025E0845F0053E5DB /* Picky Eats */,
			);
		};
/* End PBXProject section */

/* Begin PBXResourcesBuildPhase section */
		C72DB62F25E0845F0053E5DB /* Resources */ = {
			isa = PBXResourcesBuildPhase;
			buildActionMask = 2147483647;
			files = (
				C7B8F44C25E160FB00AA31E4 /* Test.json in Resources */,
				C72DB63C25E084610053E5DB /* Preview Assets.xcassets in Resources */,
				C72DB63925E084610053E5DB /* Assets.xcassets in Resources */,
			);
			runOnlyForDeploymentPostprocessing = 0;
		};
/* End PBXResourcesBuildPhase section */

/* Begin PBXSourcesBuildPhase section */
		C72DB62D25E0845F0053E5DB /* Sources */ = {
			isa = PBXSourcesBuildPhase;
			buildActionMask = 2147483647;
			files = (
				C72DB63725E0845F0053E5DB /* LogIn.swift in Sources */,
				C77D492425E09F64005D16B8 /* Prefrence.swift in Sources */,
				C7B8F44625E15BC900AA31E4 /* Ingredient.swift in Sources */,
				C72DB63525E0845F0053E5DB /* Picky_EatsApp.swift in Sources */,
				C7B8F44925E15BE800AA31E4 /* UserInfo.swift in Sources */,
				C7B8F44325E15B5A00AA31E4 /* Recipe.swift in Sources */,
				C77D492A25E09F90005D16B8 /* UserHistory.swift in Sources */,
				C77D492725E09F79005D16B8 /* RecipePicker.swift in Sources */,
			);
			runOnlyForDeploymentPostprocessing = 0;
		};
/* End PBXSourcesBuildPhase section */

/* Begin XCBuildConfiguration section */
		C72DB63E25E084610053E5DB /* Debug */ = {
			isa = XCBuildConfiguration;
			buildSettings = {
				ALWAYS_SEARCH_USER_PATHS = NO;
				CLANG_ANALYZER_NONNULL = YES;
				CLANG_ANALYZER_NUMBER_OBJECT_CONVERSION = YES_AGGRESSIVE;
				CLANG_CXX_LANGUAGE_STANDARD = "gnu++14";
				CLANG_CXX_LIBRARY = "libc++";
				CLANG_ENABLE_MODULES = YES;
				CLANG_ENABLE_OBJC_ARC = YES;
				CLANG_ENABLE_OBJC_WEAK = YES;
				CLANG_WARN_BLOCK_CAPTURE_AUTORELEASING = YES;
				CLANG_WARN_BOOL_CONVERSION = YES;
				CLANG_WARN_COMMA = YES;
				CLANG_WARN_CONSTANT_CONVERSION = YES;
				CLANG_WARN_DEPRECATED_OBJC_IMPLEMENTATIONS = YES;
				CLANG_WARN_DIRECT_OBJC_ISA_USAGE = YES_ERROR;
				CLANG_WARN_DOCUMENTATION_COMMENTS = YES;
				CLANG_WARN_EMPTY_BODY = YES;
				CLANG_WARN_ENUM_CONVERSION = YES;
				CLANG_WARN_INFINITE_RECURSION = YES;
				CLANG_WARN_INT_CONVERSION = YES;
				CLANG_WARN_NON_LITERAL_NULL_CONVERSION = YES;
				CLANG_WARN_OBJC_IMPLICIT_RETAIN_SELF = YES;
				CLANG_WARN_OBJC_LITERAL_CONVERSION = YES;
				CLANG_WARN_OBJC_ROOT_CLASS = YES_ERROR;
				CLANG_WARN_QUOTED_INCLUDE_IN_FRAMEWORK_HEADER = YES;
				CLANG_WARN_RANGE_LOOP_ANALYSIS = YES;
				CLANG_WARN_STRICT_PROTOTYPES = YES;
				CLANG_WARN_SUSPICIOUS_MOVE = YES;
				CLANG_WARN_UNGUARDED_AVAILABILITY = YES_AGGRESSIVE;
				CLANG_WARN_UNREACHABLE_CODE = YES;
				CLANG_WARN__DUPLICATE_METHOD_MATCH = YES;
				COPY_PHASE_STRIP = NO;
				DEBUG_INFORMATION_FORMAT = dwarf;
				ENABLE_STRICT_OBJC_MSGSEND = YES;
				ENABLE_TESTABILITY = YES;
				GCC_C_LANGUAGE_STANDARD = gnu11;
				GCC_DYNAMIC_NO_PIC = NO;
				GCC_NO_COMMON_BLOCKS = YES;
				GCC_OPTIMIZATION_LEVEL = 0;
				GCC_PREPROCESSOR_DEFINITIONS = (
					"DEBUG=1",
					"$(inherited)",
				);
				GCC_WARN_64_TO_32_BIT_CONVERSION = YES;
				GCC_WARN_ABOUT_RETURN_TYPE = YES_ERROR;
				GCC_WARN_UNDECLARED_SELECTOR = YES;
				GCC_WARN_UNINITIALIZED_AUTOS = YES_AGGRESSIVE;
				GCC_WARN_UNUSED_FUNCTION = YES;
				GCC_WARN_UNUSED_VARIABLE = YES;
				IPHONEOS_DEPLOYMENT_TARGET = 14.1;
				MTL_ENABLE_DEBUG_INFO = INCLUDE_SOURCE;
				MTL_FAST_MATH = YES;
				ONLY_ACTIVE_ARCH = YES;
				SDKROOT = iphoneos;
				SWIFT_ACTIVE_COMPILATION_CONDITIONS = DEBUG;
				SWIFT_OPTIMIZATION_LEVEL = "-Onone";
			};
			name = Debug;
		};
		C72DB63F25E084610053E5DB /* Release */ = {
			isa = XCBuildConfiguration;
			buildSettings = {
				ALWAYS_SEARCH_USER_PATHS = NO;
				CLANG_ANALYZER_NONNULL = YES;
				CLANG_ANALYZER_NUMBER_OBJECT_CONVERSION = YES_AGGRESSIVE;
				CLANG_CXX_LANGUAGE_STANDARD = "gnu++14";
				CLANG_CXX_LIBRARY = "libc++";
				CLANG_ENABLE_MODULES = YES;
				CLANG_ENABLE_OBJC_ARC = YES;
				CLANG_ENABLE_OBJC_WEAK = YES;
				CLANG_WARN_BLOCK_CAPTURE_AUTORELEASING = YES;
				CLANG_WARN_BOOL_CONVERSION = YES;
				CLANG_WARN_COMMA = YES;
				CLANG_WARN_CONSTANT_CONVERSION = YES;
				CLANG_WARN_DEPRECATED_OBJC_IMPLEMENTATIONS = YES;
				CLANG_WARN_DIRECT_OBJC_ISA_USAGE = YES_ERROR;
				CLANG_WARN_DOCUMENTATION_COMMENTS = YES;
				CLANG_WARN_EMPTY_BODY = YES;
				CLANG_WARN_ENUM_CONVERSION = YES;
				CLANG_WARN_INFINITE_RECURSION = YES;
				CLANG_WARN_INT_CONVERSION = YES;
				CLANG_WARN_NON_LITERAL_NULL_CONVERSION = YES;
				CLANG_WARN_OBJC_IMPLICIT_RETAIN_SELF = YES;
				CLANG_WARN_OBJC_LITERAL_CONVERSION = YES;
				CLANG_WARN_OBJC_ROOT_CLASS = YES_ERROR;
				CLANG_WARN_QUOTED_INCLUDE_IN_FRAMEWORK_HEADER = YES;
				CLANG_WARN_RANGE_LOOP_ANALYSIS = YES;
				CLANG_WARN_STRICT_PROTOTYPES = YES;
				CLANG_WARN_SUSPICIOUS_MOVE = YES;
				CLANG_WARN_UNGUARDED_AVAILABILITY = YES_AGGRESSIVE;
				CLANG_WARN_UNREACHABLE_CODE = YES;
				CLANG_WARN__DUPLICATE_METHOD_MATCH = YES;
				COPY_PHASE_STRIP = NO;
				DEBUG_INFORMATION_FORMAT = "dwarf-with-dsym";
				ENABLE_NS_ASSERTIONS = NO;
				ENABLE_STRICT_OBJC_MSGSEND = YES;
				GCC_C_LANGUAGE_STANDARD = gnu11;
				GCC_NO_COMMON_BLOCKS = YES;
				GCC_WARN_64_TO_32_BIT_CONVERSION = YES;
				GCC_WARN_ABOUT_RETURN_TYPE = YES_ERROR;
				GCC_WARN_UNDECLARED_SELECTOR = YES;
				GCC_WARN_UNINITIALIZED_AUTOS = YES_AGGRESSIVE;
				GCC_WARN_UNUSED_FUNCTION = YES;
				GCC_WARN_UNUSED_VARIABLE = YES;
				IPHONEOS_DEPLOYMENT_TARGET = 14.1;
				MTL_ENABLE_DEBUG_INFO = NO;
				MTL_FAST_MATH = YES;
				SDKROOT = iphoneos;
				SWIFT_COMPILATION_MODE = wholemodule;
				SWIFT_OPTIMIZATION_LEVEL = "-O";
				VALIDATE_PRODUCT = YES;
			};
			name = Release;
		};
		C72DB64125E084610053E5DB /* Debug */ = {
			isa = XCBuildConfiguration;
			buildSettings = {
				ASSETCATALOG_COMPILER_APPICON_NAME = AppIcon;
				ASSETCATALOG_COMPILER_GLOBAL_ACCENT_COLOR_NAME = AccentColor;
				CODE_SIGN_STYLE = Automatic;
				DEVELOPMENT_ASSET_PATHS = "\"Picky Eats/Preview Content\"";
				DEVELOPMENT_TEAM = 9J4HR8A7FU;
				ENABLE_PREVIEWS = YES;
				INFOPLIST_FILE = "Picky Eats/Info.plist";
				IPHONEOS_DEPLOYMENT_TARGET = 14.0;
				LD_RUNPATH_SEARCH_PATHS = (
					"$(inherited)",
					"@executable_path/Frameworks",
				);
				PRODUCT_BUNDLE_IDENTIFIER = "stormcodesus.Picky-Eats";
				PRODUCT_NAME = "$(TARGET_NAME)";
				SWIFT_VERSION = 5.0;
				TARGETED_DEVICE_FAMILY = "1,2";
			};
			name = Debug;
		};
		C72DB64225E084610053E5DB /* Release */ = {
			isa = XCBuildConfiguration;
			buildSettings = {
				ASSETCATALOG_COMPILER_APPICON_NAME = AppIcon;
				ASSETCATALOG_COMPILER_GLOBAL_ACCENT_COLOR_NAME = AccentColor;
				CODE_SIGN_STYLE = Automatic;
				DEVELOPMENT_ASSET_PATHS = "\"Picky Eats/Preview Content\"";
				DEVELOPMENT_TEAM = 9J4HR8A7FU;
				ENABLE_PREVIEWS = YES;
				INFOPLIST_FILE = "Picky Eats/Info.plist";
				IPHONEOS_DEPLOYMENT_TARGET = 14.0;
				LD_RUNPATH_SEARCH_PATHS = (
					"$(inherited)",
					"@executable_path/Frameworks",
				);
				PRODUCT_BUNDLE_IDENTIFIER = "stormcodesus.Picky-Eats";
				PRODUCT_NAME = "$(TARGET_NAME)";
				SWIFT_VERSION = 5.0;
				TARGETED_DEVICE_FAMILY = "1,2";
			};
			name = Release;
		};
/* End XCBuildConfiguration section */

/* Begin XCConfigurationList section */
		C72DB62C25E0845F0053E5DB /* Build configuration list for PBXProject "Picky Eats" */ = {
			isa = XCConfigurationList;
			buildConfigurations = (
				C72DB63E25E084610053E5DB /* Debug */,
				C72DB63F25E084610053E5DB /* Release */,
			);
			defaultConfigurationIsVisible = 0;
			defaultConfigurationName = Release;
		};
		C72DB64025E084610053E5DB /* Build configuration list for PBXNativeTarget "Picky Eats" */ = {
			isa = XCConfigurationList;
			buildConfigurations = (
				C72DB64125E084610053E5DB /* Debug */,
				C72DB64225E084610053E5DB /* Release */,
			);
			defaultConfigurationIsVisible = 0;
			defaultConfigurationName = Release;
		};
/* End XCConfigurationList section */
	};
	rootObject = C72DB62925E0845F0053E5DB /* Project object */;
}
